
Microsoft Visual Studio Solution File, Format Version 12.00
# Visual Studio Version 16
VisualStudioVersion = 16.0.31702.278
MinimumVisualStudioVersion = 10.0.40219.1
Project("{FAE04EC0-301F-11D3-BF4B-00C04F79EFBC}") = "ToDoList", "ToDoList\ToDoList.csproj", "{9D898506-10AD-48B0-8C9C-19EEEAD3B68A}"
EndProject
Global
	GlobalSection(SolutionConfigurationPlatforms) = preSolution
		Debug|Any CPU = Debug|Any CPU
		Release|Any CPU = Release|Any CPU
	EndGlobalSection
	GlobalSection(ProjectConfigurationPlatforms) = postSolution
		{9D898506-10AD-48B0-8C9C-19EEEAD3B68A}.Debug|Any CPU.ActiveCfg = Debug|Any CPU
		{9D898506-10AD-48B0-8C9C-19EEEAD3B68A}.Debug|Any CPU.Build.0 = Debug|Any CPU
		{9D898506-10AD-48B0-8C9C-19EEEAD3B68A}.Release|Any CPU.ActiveCfg = Release|Any CPU
		{9D898506-10AD-48B0-8C9C-19EEEAD3B68A}.Release|Any CPU.Build.0 = Release|Any CPU
	EndGlobalSection
	GlobalSection(SolutionProperties) = preSolution
		HideSolutionNode = FALSE
	EndGlobalSection
	GlobalSection(ExtensibilityGlobals) = postSolution
		SolutionGuid = {1387BD78-C091-4F4A-9E7B-98365BC81DC9}
	EndGlobalSection
EndGlobal
